
Microsoft Visual Studio Solution File, Format Version 12.00
# Visual Studio 15
VisualStudioVersion = 15.0.28010.2016
MinimumVisualStudioVersion = 10.0.40219.1
Project("{FAE04EC0-301F-11D3-BF4B-00C04F79EFBC}") = "gun", "gun\gun.csproj", "{F19F371F-6B65-41EE-8D03-051959D667D3}"
EndProject
Global
	GlobalSection(SolutionConfigurationPlatforms) = preSolution
		Debug|Any CPU = Debug|Any CPU
		Release|Any CPU = Release|Any CPU
	EndGlobalSection
	GlobalSection(ProjectConfigurationPlatforms) = postSolution
		{F19F371F-6B65-41EE-8D03-051959D667D3}.Debug|Any CPU.ActiveCfg = Debug|Any CPU
		{F19F371F-6B65-41EE-8D03-051959D667D3}.Debug|Any CPU.Build.0 = Debug|Any CPU
		{F19F371F-6B65-41EE-8D03-051959D667D3}.Release|Any CPU.ActiveCfg = Release|Any CPU
		{F19F371F-6B65-41EE-8D03-051959D667D3}.Release|Any CPU.Build.0 = Release|Any CPU
	EndGlobalSection
	GlobalSection(SolutionProperties) = preSolution
		HideSolutionNode = FALSE
	EndGlobalSection
	GlobalSection(ExtensibilityGlobals) = postSolution
		SolutionGuid = {5008A492-F934-49D2-A25B-EB56E3D35A56}
	EndGlobalSection
EndGlobal
